
Microsoft Visual Studio Solution File, Format Version 11.00
# Visual Studio 2010
Project("{FAE04EC0-301F-11D3-BF4B-00C04F79EFBC}") = "VisuallyLocated.ArcGIS.Extensions", "VisuallyLocated.ArcGIS.Extensions\VisuallyLocated.ArcGIS.Extensions.csproj", "{22CBE6B2-0BF9-44B2-B02E-9F860178989A}"
EndProject
Global
	GlobalSection(SolutionConfigurationPlatforms) = preSolution
		Debug|Any CPU = Debug|Any CPU
		Release|Any CPU = Release|Any CPU
	EndGlobalSection
	GlobalSection(ProjectConfigurationPlatforms) = postSolution
		{22CBE6B2-0BF9-44B2-B02E-9F860178989A}.Debug|Any CPU.ActiveCfg = Debug|Any CPU
		{22CBE6B2-0BF9-44B2-B02E-9F860178989A}.Debug|Any CPU.Build.0 = Debug|Any CPU
		{22CBE6B2-0BF9-44B2-B02E-9F860178989A}.Release|Any CPU.ActiveCfg = Release|Any CPU
		{22CBE6B2-0BF9-44B2-B02E-9F860178989A}.Release|Any CPU.Build.0 = Release|Any CPU
	EndGlobalSection
	GlobalSection(SolutionProperties) = preSolution
		HideSolutionNode = FALSE
	EndGlobalSection
EndGlobal
